// !$*UTF8*$!
{
	archiveVersion = 1;
	classes = {
	};
	objectVersion = 56;
	objects = {

/* Begin PBXBuildFile section */
		4D27E2602C8A2EBD00F5E543 /* SpaceShipGameApp.swift in Sources */ = {isa = PBXBuildFile; fileRef = 4D27E25F2C8A2EBD00F5E543 /* SpaceShipGameApp.swift */; };
		4D27E2622C8A2EBD00F5E543 /* ContentView.swift in Sources */ = {isa = PBXBuildFile; fileRef = 4D27E2612C8A2EBD00F5E543 /* ContentView.swift */; };
		4D27E2642C8A2EBE00F5E543 /* Assets.xcassets in Resources */ = {isa = PBXBuildFile; fileRef = 4D27E2632C8A2EBE00F5E543 /* Assets.xcassets */; };
		4D27E2672C8A2EBE00F5E543 /* Preview Assets.xcassets in Resources */ = {isa = PBXBuildFile; fileRef = 4D27E2662C8A2EBE00F5E543 /* Preview Assets.xcassets */; };
		4D27E2712C8A2EBE00F5E543 /* SpaceShipGameTests.swift in Sources */ = {isa = PBXBuildFile; fileRef = 4D27E2702C8A2EBE00F5E543 /* SpaceShipGameTests.swift */; };
		4D27E27B2C8A2EBE00F5E543 /* SpaceShipGameUITests.swift in Sources */ = {isa = PBXBuildFile; fileRef = 4D27E27A2C8A2EBE00F5E543 /* SpaceShipGameUITests.swift */; };
		4D27E27D2C8A2EBE00F5E543 /* SpaceShipGameUITestsLaunchTests.swift in Sources */ = {isa = PBXBuildFile; fileRef = 4D27E27C2C8A2EBE00F5E543 /* SpaceShipGameUITestsLaunchTests.swift */; };
/* End PBXBuildFile section */

/* Begin PBXContainerItemProxy section */
		4D27E26D2C8A2EBE00F5E543 /* PBXContainerItemProxy */ = {
			isa = PBXContainerItemProxy;
			containerPortal = 4D27E2542C8A2EBD00F5E543 /* Project object */;
			proxyType = 1;
			remoteGlobalIDString = 4D27E25B2C8A2EBD00F5E543;
			remoteInfo = SpaceShipGame;
		};
		4D27E2772C8A2EBE00F5E543 /* PBXContainerItemProxy */ = {
			isa = PBXContainerItemProxy;
			containerPortal = 4D27E2542C8A2EBD00F5E543 /* Project object */;
			proxyType = 1;
			remoteGlobalIDString = 4D27E25B2C8A2EBD00F5E543;
			remoteInfo = SpaceShipGame;
		};
/* End PBXContainerItemProxy section */

/* Begin PBXFileReference section */
		4D27E25C2C8A2EBD00F5E543 /* SpaceShipGame.app */ = {isa = PBXFileReference; explicitFileType = wrapper.application; includeInIndex = 0; path = SpaceShipGame.app; sourceTree = BUILT_PRODUCTS_DIR; };
		4D27E25F2C8A2EBD00F5E543 /* SpaceShipGameApp.swift */ = {isa = PBXFileReference; lastKnownFileType = sourcecode.swift; path = SpaceShipGameApp.swift; sourceTree = "<group>"; };
		4D27E2612C8A2EBD00F5E543 /* ContentView.swift */ = {isa = PBXFileReference; lastKnownFileType = sourcecode.swift; path = ContentView.swift; sourceTree = "<group>"; };
		4D27E2632C8A2EBE00F5E543 /* Assets.xcassets */ = {isa = PBXFileReference; lastKnownFileType = folder.assetcatalog; path = Assets.xcassets; sourceTree = "<group>"; };
		4D27E2662C8A2EBE00F5E543 /* Preview Assets.xcassets */ = {isa = PBXFileReference; lastKnownFileType = folder.assetcatalog; path = "Preview Assets.xcassets"; sourceTree = "<group>"; };
		4D27E26C2C8A2EBE00F5E543 /* SpaceShipGameTests.xctest */ = {isa = PBXFileReference; explicitFileType = wrapper.cfbundle; includeInIndex = 0; path = SpaceShipGameTests.xctest; sourceTree = BUILT_PRODUCTS_DIR; };
		4D27E2702C8A2EBE00F5E543 /* SpaceShipGameTests.swift */ = {isa = PBXFileReference; lastKnownFileType = sourcecode.swift; path = SpaceShipGameTests.swift; sourceTree = "<group>"; };
		4D27E2762C8A2EBE00F5E543 /* SpaceShipGameUITests.xctest */ = {isa = PBXFileReference; explicitFileType = wrapper.cfbundle; includeInIndex = 0; path = SpaceShipGameUITests.xctest; sourceTree = BUILT_PRODUCTS_DIR; };
		4D27E27A2C8A2EBE00F5E543 /* SpaceShipGameUITests.swift */ = {isa = PBXFileReference; lastKnownFileType = sourcecode.swift; path = SpaceShipGameUITests.swift; sourceTree = "<group>"; };
		4D27E27C2C8A2EBE00F5E543 /* SpaceShipGameUITestsLaunchTests.swift */ = {isa = PBXFileReference; lastKnownFileType = sourcecode.swift; path = SpaceShipGameUITestsLaunchTests.swift; sourceTree = "<group>"; };
/* End PBXFileReference section */

/* Begin PBXFrameworksBuildPhase section */
		4D27E2592C8A2EBD00F5E543 /* Frameworks */ = {
			isa = PBXFrameworksBuildPhase;
			buildActionMask = 2147483647;
			files = (
			);
			runOnlyForDeploymentPostprocessing = 0;
		};
		4D27E2692C8A2EBE00F5E543 /* Frameworks */ = {
			isa = PBXFrameworksBuildPhase;
			buildActionMask = 2147483647;
			files = (
			);
			runOnlyForDeploymentPostprocessing = 0;
		};
		4D27E2732C8A2EBE00F5E543 /* Frameworks */ = {
			isa = PBXFrameworksBuildPhase;
			buildActionMask = 2147483647;
			files = (
			);
			runOnlyForDeploymentPostprocessing = 0;
		};
/* End PBXFrameworksBuildPhase section */

/* Begin PBXGroup section */
		4D27E2532C8A2EBD00F5E543 = {
			isa = PBXGroup;
			children = (
				4D27E25E2C8A2EBD00F5E543 /* SpaceShipGame */,
				4D27E26F2C8A2EBE00F5E543 /* SpaceShipGameTests */,
				4D27E2792C8A2EBE00F5E543 /* SpaceShipGameUITests */,
				4D27E25D2C8A2EBD00F5E543 /* Products */,
			);
			sourceTree = "<group>";
		};
		4D27E25D2C8A2EBD00F5E543 /* Products */ = {
			isa = PBXGroup;
			children = (
				4D27E25C2C8A2EBD00F5E543 /* SpaceShipGame.app */,
				4D27E26C2C8A2EBE00F5E543 /* SpaceShipGameTests.xctest */,
				4D27E2762C8A2EBE00F5E543 /* SpaceShipGameUITests.xctest */,
			);
			name = Products;
			sourceTree = "<group>";
		};
		4D27E25E2C8A2EBD00F5E543 /* SpaceShipGame */ = {
			isa = PBXGroup;
			children = (
				4D27E25F2C8A2EBD00F5E543 /* SpaceShipGameApp.swift */,
				4D27E2612C8A2EBD00F5E543 /* ContentView.swift */,
				4D27E2632C8A2EBE00F5E543 /* Assets.xcassets */,
				4D27E2652C8A2EBE00F5E543 /* Preview Content */,
			);
			path = SpaceShipGame;
			sourceTree = "<group>";
		};
		4D27E2652C8A2EBE00F5E543 /* Preview Content */ = {
			isa = PBXGroup;
			children = (
				4D27E2662C8A2EBE00F5E543 /* Preview Assets.xcassets */,
			);
			path = "Preview Content";
			sourceTree = "<group>";
		};
		4D27E26F2C8A2EBE00F5E543 /* SpaceShipGameTests */ = {
			isa = PBXGroup;
			children = (
				4D27E2702C8A2EBE00F5E543 /* SpaceShipGameTests.swift */,
			);
			path = SpaceShipGameTests;
			sourceTree = "<group>";
		};
		4D27E2792C8A2EBE00F5E543 /* SpaceShipGameUITests */ = {
			isa = PBXGroup;
			children = (
				4D27E27A2C8A2EBE00F5E543 /* SpaceShipGameUITests.swift */,
				4D27E27C2C8A2EBE00F5E543 /* SpaceShipGameUITestsLaunchTests.swift */,
			);
			path = SpaceShipGameUITests;
			sourceTree = "<group>";
		};
/* End PBXGroup section */

/* Begin PBXNativeTarget section */
		4D27E25B2C8A2EBD00F5E543 /* SpaceShipGame */ = {
			isa = PBXNativeTarget;
			buildConfigurationList = 4D27E2802C8A2EBE00F5E543 /* Build configuration list for PBXNativeTarget "SpaceShipGame" */;
			buildPhases = (
				4D27E2582C8A2EBD00F5E543 /* Sources */,
				4D27E2592C8A2EBD00F5E543 /* Frameworks */,
				4D27E25A2C8A2EBD00F5E543 /* Resources */,
			);
			buildRules = (
			);
			dependencies = (
			);
			name = SpaceShipGame;
			productName = SpaceShipGame;
			productReference = 4D27E25C2C8A2EBD00F5E543 /* SpaceShipGame.app */;
			productType = "com.apple.product-type.application";
		};
		4D27E26B2C8A2EBE00F5E543 /* SpaceShipGameTests */ = {
			isa = PBXNativeTarget;
			buildConfigurationList = 4D27E2832C8A2EBE00F5E543 /* Build configuration list for PBXNativeTarget "SpaceShipGameTests" */;
			buildPhases = (
				4D27E2682C8A2EBE00F5E543 /* Sources */,
				4D27E2692C8A2EBE00F5E543 /* Frameworks */,
				4D27E26A2C8A2EBE00F5E543 /* Resources */,
			);
			buildRules = (
			);
			dependencies = (
				4D27E26E2C8A2EBE00F5E543 /* PBXTargetDependency */,
			);
			name = SpaceShipGameTests;
			productName = SpaceShipGameTests;
			productReference = 4D27E26C2C8A2EBE00F5E543 /* SpaceShipGameTests.xctest */;
			productType = "com.apple.product-type.bundle.unit-test";
		};
		4D27E2752C8A2EBE00F5E543 /* SpaceShipGameUITests */ = {
			isa = PBXNativeTarget;
			buildConfigurationList = 4D27E2862C8A2EBE00F5E543 /* Build configuration list for PBXNativeTarget "SpaceShipGameUITests" */;
			buildPhases = (
				4D27E2722C8A2EBE00F5E543 /* Sources */,
				4D27E2732C8A2EBE00F5E543 /* Frameworks */,
				4D27E2742C8A2EBE00F5E543 /* Resources */,
			);
			buildRules = (
			);
			dependencies = (
				4D27E2782C8A2EBE00F5E543 /* PBXTargetDependency */,
			);
			name = SpaceShipGameUITests;
			productName = SpaceShipGameUITests;
			productReference = 4D27E2762C8A2EBE00F5E543 /* SpaceShipGameUITests.xctest */;
			productType = "com.apple.product-type.bundle.ui-testing";
		};
/* End PBXNativeTarget section */

/* Begin PBXProject section */
		4D27E2542C8A2EBD00F5E543 /* Project object */ = {
			isa = PBXProject;
			attributes = {
				BuildIndependentTargetsInParallel = 1;
				LastSwiftUpdateCheck = 1540;
				LastUpgradeCheck = 1540;
				TargetAttributes = {
					4D27E25B2C8A2EBD00F5E543 = {
						CreatedOnToolsVersion = 15.4;
					};
					4D27E26B2C8A2EBE00F5E543 = {
						CreatedOnToolsVersion = 15.4;
						TestTargetID = 4D27E25B2C8A2EBD00F5E543;
					};
					4D27E2752C8A2EBE00F5E543 = {
						CreatedOnToolsVersion = 15.4;
						TestTargetID = 4D27E25B2C8A2EBD00F5E543;
					};
				};
			};
			buildConfigurationList = 4D27E2572C8A2EBD00F5E543 /* Build configuration list for PBXProject "SpaceShipGame" */;
			compatibilityVersion = "Xcode 14.0";
			developmentRegion = en;
			hasScannedForEncodings = 0;
			knownRegions = (
				en,
				Base,
			);
			mainGroup = 4D27E2532C8A2EBD00F5E543;
			productRefGroup = 4D27E25D2C8A2EBD00F5E543 /* Products */;
			projectDirPath = "";
			projectRoot = "";
			targets = (
				4D27E25B2C8A2EBD00F5E543 /* SpaceShipGame */,
				4D27E26B2C8A2EBE00F5E543 /* SpaceShipGameTests */,
				4D27E2752C8A2EBE00F5E543 /* SpaceShipGameUITests */,
			);
		};
/* End PBXProject section */

/* Begin PBXResourcesBuildPhase section */
		4D27E25A2C8A2EBD00F5E543 /* Resources */ = {
			isa = PBXResourcesBuildPhase;
			buildActionMask = 2147483647;
			files = (
				4D27E2672C8A2EBE00F5E543 /* Preview Assets.xcassets in Resources */,
				4D27E2642C8A2EBE00F5E543 /* Assets.xcassets in Resources */,
			);
			runOnlyForDeploymentPostprocessing = 0;
		};
		4D27E26A2C8A2EBE00F5E543 /* Resources */ = {
			isa = PBXResourcesBuildPhase;
			buildActionMask = 2147483647;
			files = (
			);
			runOnlyForDeploymentPostprocessing = 0;
		};
		4D27E2742C8A2EBE00F5E543 /* Resources */ = {
			isa = PBXResourcesBuildPhase;
			buildActionMask = 2147483647;
			files = (
			);
			runOnlyForDeploymentPostprocessing = 0;
		};
/* End PBXResourcesBuildPhase section */

/* Begin PBXSourcesBuildPhase section */
		4D27E2582C8A2EBD00F5E543 /* Sources */ = {
			isa = PBXSourcesBuildPhase;
			buildActionMask = 2147483647;
			files = (
				4D27E2622C8A2EBD00F5E543 /* ContentView.swift in Sources */,
				4D27E2602C8A2EBD00F5E543 /* SpaceShipGameApp.swift in Sources */,
			);
			runOnlyForDeploymentPostprocessing = 0;
		};
		4D27E2682C8A2EBE00F5E543 /* Sources */ = {
			isa = PBXSourcesBuildPhase;
			buildActionMask = 2147483647;
			files = (
				4D27E2712C8A2EBE00F5E543 /* SpaceShipGameTests.swift in Sources */,
			);
			runOnlyForDeploymentPostprocessing = 0;
		};
		4D27E2722C8A2EBE00F5E543 /* Sources */ = {
			isa = PBXSourcesBuildPhase;
			buildActionMask = 2147483647;
			files = (
				4D27E27B2C8A2EBE00F5E543 /* SpaceShipGameUITests.swift in Sources */,
				4D27E27D2C8A2EBE00F5E543 /* SpaceShipGameUITestsLaunchTests.swift in Sources */,
			);
			runOnlyForDeploymentPostprocessing = 0;
		};
/* End PBXSourcesBuildPhase section */

/* Begin PBXTargetDependency section */
		4D27E26E2C8A2EBE00F5E543 /* PBXTargetDependency */ = {
			isa = PBXTargetDependency;
			target = 4D27E25B2C8A2EBD00F5E543 /* SpaceShipGame */;
			targetProxy = 4D27E26D2C8A2EBE00F5E543 /* PBXContainerItemProxy */;
		};
		4D27E2782C8A2EBE00F5E543 /* PBXTargetDependency */ = {
			isa = PBXTargetDependency;
			target = 4D27E25B2C8A2EBD00F5E543 /* SpaceShipGame */;
			targetProxy = 4D27E2772C8A2EBE00F5E543 /* PBXContainerItemProxy */;
		};
/* End PBXTargetDependency section */

/* Begin XCBuildConfiguration section */
		4D27E27E2C8A2EBE00F5E543 /* Debug */ = {
			isa = XCBuildConfiguration;
			buildSettings = {
				ALWAYS_SEARCH_USER_PATHS = NO;
				ASSETCATALOG_COMPILER_GENERATE_SWIFT_ASSET_SYMBOL_EXTENSIONS = YES;
				CLANG_ANALYZER_NONNULL = YES;
				CLANG_ANALYZER_NUMBER_OBJECT_CONVERSION = YES_AGGRESSIVE;
				CLANG_CXX_LANGUAGE_STANDARD = "gnu++20";
				CLANG_ENABLE_MODULES = YES;
				CLANG_ENABLE_OBJC_ARC = YES;
				CLANG_ENABLE_OBJC_WEAK = YES;
				CLANG_WARN_BLOCK_CAPTURE_AUTORELEASING = YES;
				CLANG_WARN_BOOL_CONVERSION = YES;
				CLANG_WARN_COMMA = YES;
				CLANG_WARN_CONSTANT_CONVERSION = YES;
				CLANG_WARN_DEPRECATED_OBJC_IMPLEMENTATIONS = YES;
				CLANG_WARN_DIRECT_OBJC_ISA_USAGE = YES_ERROR;
				CLANG_WARN_DOCUMENTATION_COMMENTS = YES;
				CLANG_WARN_EMPTY_BODY = YES;
				CLANG_WARN_ENUM_CONVERSION = YES;
				CLANG_WARN_INFINITE_RECURSION = YES;
				CLANG_WARN_INT_CONVERSION = YES;
				CLANG_WARN_NON_LITERAL_NULL_CONVERSION = YES;
				CLANG_WARN_OBJC_IMPLICIT_RETAIN_SELF = YES;
				CLANG_WARN_OBJC_LITERAL_CONVERSION = YES;
				CLANG_WARN_OBJC_ROOT_CLASS = YES_ERROR;
				CLANG_WARN_QUOTED_INCLUDE_IN_FRAMEWORK_HEADER = YES;
				CLANG_WARN_RANGE_LOOP_ANALYSIS = YES;
				CLANG_WARN_STRICT_PROTOTYPES = YES;
				CLANG_WARN_SUSPICIOUS_MOVE = YES;
				CLANG_WARN_UNGUARDED_AVAILABILITY = YES_AGGRESSIVE;
				CLANG_WARN_UNREACHABLE_CODE = YES;
				CLANG_WARN__DUPLICATE_METHOD_MATCH = YES;
				COPY_PHASE_STRIP = NO;
				DEBUG_INFORMATION_FORMAT = dwarf;
				ENABLE_STRICT_OBJC_MSGSEND = YES;
				ENABLE_TESTABILITY = YES;
				ENABLE_USER_SCRIPT_SANDBOXING = YES;
				GCC_C_LANGUAGE_STANDARD = gnu17;
				GCC_DYNAMIC_NO_PIC = NO;
				GCC_NO_COMMON_BLOCKS = YES;
				GCC_OPTIMIZATION_LEVEL = 0;
				GCC_PREPROCESSOR_DEFINITIONS = (
					"DEBUG=1",
					"$(inherited)",
				);
				GCC_WARN_64_TO_32_BIT_CONVERSION = YES;
				GCC_WARN_ABOUT_RETURN_TYPE = YES_ERROR;
				GCC_WARN_UNDECLARED_SELECTOR = YES;
				GCC_WARN_UNINITIALIZED_AUTOS = YES_AGGRESSIVE;
				GCC_WARN_UNUSED_FUNCTION = YES;
				GCC_WARN_UNUSED_VARIABLE = YES;
				IPHONEOS_DEPLOYMENT_TARGET = 17.5;
				LOCALIZATION_PREFERS_STRING_CATALOGS = YES;
				MTL_ENABLE_DEBUG_INFO = INCLUDE_SOURCE;
				MTL_FAST_MATH = YES;
				ONLY_ACTIVE_ARCH = YES;
				SDKROOT = iphoneos;
				SWIFT_ACTIVE_COMPILATION_CONDITIONS = "DEBUG $(inherited)";
				SWIFT_OPTIMIZATION_LEVEL = "-Onone";
			};
			name = Debug;
		};
		4D27E27F2C8A2EBE00F5E543 /* Release */ = {
			isa = XCBuildConfiguration;
			buildSettings = {
				ALWAYS_SEARCH_USER_PATHS = NO;
				ASSETCATALOG_COMPILER_GENERATE_SWIFT_ASSET_SYMBOL_EXTENSIONS = YES;
				CLANG_ANALYZER_NONNULL = YES;
				CLANG_ANALYZER_NUMBER_OBJECT_CONVERSION = YES_AGGRESSIVE;
				CLANG_CXX_LANGUAGE_STANDARD = "gnu++20";
				CLANG_ENABLE_MODULES = YES;
				CLANG_ENABLE_OBJC_ARC = YES;
				CLANG_ENABLE_OBJC_WEAK = YES;
				CLANG_WARN_BLOCK_CAPTURE_AUTORELEASING = YES;
				CLANG_WARN_BOOL_CONVERSION = YES;
				CLANG_WARN_COMMA = YES;
				CLANG_WARN_CONSTANT_CONVERSION = YES;
				CLANG_WARN_DEPRECATED_OBJC_IMPLEMENTATIONS = YES;
				CLANG_WARN_DIRECT_OBJC_ISA_USAGE = YES_ERROR;
				CLANG_WARN_DOCUMENTATION_COMMENTS = YES;
				CLANG_WARN_EMPTY_BODY = YES;
				CLANG_WARN_ENUM_CONVERSION = YES;
				CLANG_WARN_INFINITE_RECURSION = YES;
				CLANG_WARN_INT_CONVERSION = YES;
				CLANG_WARN_NON_LITERAL_NULL_CONVERSION = YES;
				CLANG_WARN_OBJC_IMPLICIT_RETAIN_SELF = YES;
				CLANG_WARN_OBJC_LITERAL_CONVERSION = YES;
				CLANG_WARN_OBJC_ROOT_CLASS = YES_ERROR;
				CLANG_WARN_QUOTED_INCLUDE_IN_FRAMEWORK_HEADER = YES;
				CLANG_WARN_RANGE_LOOP_ANALYSIS = YES;
				CLANG_WARN_STRICT_PROTOTYPES = YES;
				CLANG_WARN_SUSPICIOUS_MOVE = YES;
				CLANG_WARN_UNGUARDED_AVAILABILITY = YES_AGGRESSIVE;
				CLANG_WARN_UNREACHABLE_CODE = YES;
				CLANG_WARN__DUPLICATE_METHOD_MATCH = YES;
				COPY_PHASE_STRIP = NO;
				DEBUG_INFORMATION_FORMAT = "dwarf-with-dsym";
				ENABLE_NS_ASSERTIONS = NO;
				ENABLE_STRICT_OBJC_MSGSEND = YES;
				ENABLE_USER_SCRIPT_SANDBOXING = YES;
				GCC_C_LANGUAGE_STANDARD = gnu17;
				GCC_NO_COMMON_BLOCKS = YES;
				GCC_WARN_64_TO_32_BIT_CONVERSION = YES;
				GCC_WARN_ABOUT_RETURN_TYPE = YES_ERROR;
				GCC_WARN_UNDECLARED_SELECTOR = YES;
				GCC_WARN_UNINITIALIZED_AUTOS = YES_AGGRESSIVE;
				GCC_WARN_UNUSED_FUNCTION = YES;
				GCC_WARN_UNUSED_VARIABLE = YES;
				IPHONEOS_DEPLOYMENT_TARGET = 17.5;
				LOCALIZATION_PREFERS_STRING_CATALOGS = YES;
				MTL_ENABLE_DEBUG_INFO = NO;
				MTL_FAST_MATH = YES;
				SDKROOT = iphoneos;
				SWIFT_COMPILATION_MODE = wholemodule;
				VALIDATE_PRODUCT = YES;
			};
			name = Release;
		};
		4D27E2812C8A2EBE00F5E543 /* Debug */ = {
			isa = XCBuildConfiguration;
			buildSettings = {
				ASSETCATALOG_COMPILER_APPICON_NAME = AppIcon;
				ASSETCATALOG_COMPILER_GLOBAL_ACCENT_COLOR_NAME = AccentColor;
				CODE_SIGN_STYLE = Automatic;
				CURRENT_PROJECT_VERSION = 1;
				DEVELOPMENT_ASSET_PATHS = "\"SpaceShipGame/Preview Content\"";
				DEVELOPMENT_TEAM = A48R25Y4D5;
				ENABLE_PREVIEWS = YES;
				GENERATE_INFOPLIST_FILE = YES;
				INFOPLIST_KEY_UIApplicationSceneManifest_Generation = YES;
				INFOPLIST_KEY_UIApplicationSupportsIndirectInputEvents = YES;
				INFOPLIST_KEY_UILaunchScreen_Generation = YES;
				INFOPLIST_KEY_UISupportedInterfaceOrientations_iPad = "UIInterfaceOrientationPortrait UIInterfaceOrientationPortraitUpsideDown UIInterfaceOrientationLandscapeLeft UIInterfaceOrientationLandscapeRight";
				INFOPLIST_KEY_UISupportedInterfaceOrientations_iPhone = "UIInterfaceOrientationPortrait UIInterfaceOrientationLandscapeLeft UIInterfaceOrientationLandscapeRight";
				LD_RUNPATH_SEARCH_PATHS = (
					"$(inherited)",
					"@executable_path/Frameworks",
				);
				MARKETING_VERSION = 1.0;
				PRODUCT_BUNDLE_IDENTIFIER = uk.co.silentflute.SpaceShipGame;
				PRODUCT_NAME = "$(TARGET_NAME)";
				SWIFT_EMIT_LOC_STRINGS = YES;
				SWIFT_VERSION = 5.0;
				TARGETED_DEVICE_FAMILY = "1,2";
			};
			name = Debug;
		};
		4D27E2822C8A2EBE00F5E543 /* Release */ = {
			isa = XCBuildConfiguration;
			buildSettings = {
				ASSETCATALOG_COMPILER_APPICON_NAME = AppIcon;
				ASSETCATALOG_COMPILER_GLOBAL_ACCENT_COLOR_NAME = AccentColor;
				CODE_SIGN_STYLE = Automatic;
				CURRENT_PROJECT_VERSION = 1;
				DEVELOPMENT_ASSET_PATHS = "\"SpaceShipGame/Preview Content\"";
				DEVELOPMENT_TEAM = A48R25Y4D5;
				ENABLE_PREVIEWS = YES;
				GENERATE_INFOPLIST_FILE = YES;
				INFOPLIST_KEY_UIApplicationSceneManifest_Generation = YES;
				INFOPLIST_KEY_UIApplicationSupportsIndirectInputEvents = YES;
				INFOPLIST_KEY_UILaunchScreen_Generation = YES;
				INFOPLIST_KEY_UISupportedInterfaceOrientations_iPad = "UIInterfaceOrientationPortrait UIInterfaceOrientationPortraitUpsideDown UIInterfaceOrientationLandscapeLeft UIInterfaceOrientationLandscapeRight";
				INFOPLIST_KEY_UISupportedInterfaceOrientations_iPhone = "UIInterfaceOrientationPortrait UIInterfaceOrientationLandscapeLeft UIInterfaceOrientationLandscapeRight";
				LD_RUNPATH_SEARCH_PATHS = (
					"$(inherited)",
					"@executable_path/Frameworks",
				);
				MARKETING_VERSION = 1.0;
				PRODUCT_BUNDLE_IDENTIFIER = uk.co.silentflute.SpaceShipGame;
				PRODUCT_NAME = "$(TARGET_NAME)";
				SWIFT_EMIT_LOC_STRINGS = YES;
				SWIFT_VERSION = 5.0;
				TARGETED_DEVICE_FAMILY = "1,2";
			};
			name = Release;
		};
		4D27E2842C8A2EBE00F5E543 /* Debug */ = {
			isa = XCBuildConfiguration;
			buildSettings = {
				ALWAYS_EMBED_SWIFT_STANDARD_LIBRARIES = YES;
				BUNDLE_LOADER = "$(TEST_HOST)";
				CODE_SIGN_STYLE = Automatic;
				CURRENT_PROJECT_VERSION = 1;
				DEVELOPMENT_TEAM = A48R25Y4D5;
				GENERATE_INFOPLIST_FILE = YES;
				IPHONEOS_DEPLOYMENT_TARGET = 17.5;
				MARKETING_VERSION = 1.0;
				PRODUCT_BUNDLE_IDENTIFIER = uk.co.silentflute.SpaceShipGameTests;
				PRODUCT_NAME = "$(TARGET_NAME)";
				SWIFT_EMIT_LOC_STRINGS = NO;
				SWIFT_VERSION = 5.0;
				TARGETED_DEVICE_FAMILY = "1,2";
				TEST_HOST = "$(BUILT_PRODUCTS_DIR)/SpaceShipGame.app/$(BUNDLE_EXECUTABLE_FOLDER_PATH)/SpaceShipGame";
			};
			name = Debug;
		};
		4D27E2852C8A2EBE00F5E543 /* Release */ = {
			isa = XCBuildConfiguration;
			buildSettings = {
				ALWAYS_EMBED_SWIFT_STANDARD_LIBRARIES = YES;
				BUNDLE_LOADER = "$(TEST_HOST)";
				CODE_SIGN_STYLE = Automatic;
				CURRENT_PROJECT_VERSION = 1;
				DEVELOPMENT_TEAM = A48R25Y4D5;
				GENERATE_INFOPLIST_FILE = YES;
				IPHONEOS_DEPLOYMENT_TARGET = 17.5;
				MARKETING_VERSION = 1.0;
				PRODUCT_BUNDLE_IDENTIFIER = uk.co.silentflute.SpaceShipGameTests;
				PRODUCT_NAME = "$(TARGET_NAME)";
				SWIFT_EMIT_LOC_STRINGS = NO;
				SWIFT_VERSION = 5.0;
				TARGETED_DEVICE_FAMILY = "1,2";
				TEST_HOST = "$(BUILT_PRODUCTS_DIR)/SpaceShipGame.app/$(BUNDLE_EXECUTABLE_FOLDER_PATH)/SpaceShipGame";
			};
			name = Release;
		};
		4D27E2872C8A2EBE00F5E543 /* Debug */ = {
			isa = XCBuildConfiguration;
			buildSettings = {
				ALWAYS_EMBED_SWIFT_STANDARD_LIBRARIES = YES;
				CODE_SIGN_STYLE = Automatic;
				CURRENT_PROJECT_VERSION = 1;
				DEVELOPMENT_TEAM = A48R25Y4D5;
				GENERATE_INFOPLIST_FILE = YES;
				MARKETING_VERSION = 1.0;
				PRODUCT_BUNDLE_IDENTIFIER = uk.co.silentflute.SpaceShipGameUITests;
				PRODUCT_NAME = "$(TARGET_NAME)";
				SWIFT_EMIT_LOC_STRINGS = NO;
				SWIFT_VERSION = 5.0;
				TARGETED_DEVICE_FAMILY = "1,2";
				TEST_TARGET_NAME = SpaceShipGame;
			};
			name = Debug;
		};
		4D27E2882C8A2EBE00F5E543 /* Release */ = {
			isa = XCBuildConfiguration;
			buildSettings = {
				ALWAYS_EMBED_SWIFT_STANDARD_LIBRARIES = YES;
				CODE_SIGN_STYLE = Automatic;
				CURRENT_PROJECT_VERSION = 1;
				DEVELOPMENT_TEAM = A48R25Y4D5;
				GENERATE_INFOPLIST_FILE = YES;
				MARKETING_VERSION = 1.0;
				PRODUCT_BUNDLE_IDENTIFIER = uk.co.silentflute.SpaceShipGameUITests;
				PRODUCT_NAME = "$(TARGET_NAME)";
				SWIFT_EMIT_LOC_STRINGS = NO;
				SWIFT_VERSION = 5.0;
				TARGETED_DEVICE_FAMILY = "1,2";
				TEST_TARGET_NAME = SpaceShipGame;
			};
			name = Release;
		};
/* End XCBuildConfiguration section */

/* Begin XCConfigurationList section */
		4D27E2572C8A2EBD00F5E543 /* Build configuration list for PBXProject "SpaceShipGame" */ = {
			isa = XCConfigurationList;
			buildConfigurations = (
				4D27E27E2C8A2EBE00F5E543 /* Debug */,
				4D27E27F2C8A2EBE00F5E543 /* Release */,
			);
			defaultConfigurationIsVisible = 0;
			defaultConfigurationName = Release;
		};
		4D27E2802C8A2EBE00F5E543 /* Build configuration list for PBXNativeTarget "SpaceShipGame" */ = {
			isa = XCConfigurationList;
			buildConfigurations = (
				4D27E2812C8A2EBE00F5E543 /* Debug */,
				4D27E2822C8A2EBE00F5E543 /* Release */,
			);
			defaultConfigurationIsVisible = 0;
			defaultConfigurationName = Release;
		};
		4D27E2832C8A2EBE00F5E543 /* Build configuration list for PBXNativeTarget "SpaceShipGameTests" */ = {
			isa = XCConfigurationList;
			buildConfigurations = (
				4D27E2842C8A2EBE00F5E543 /* Debug */,
				4D27E2852C8A2EBE00F5E543 /* Release */,
			);
			defaultConfigurationIsVisible = 0;
			defaultConfigurationName = Release;
		};
		4D27E2862C8A2EBE00F5E543 /* Build configuration list for PBXNativeTarget "SpaceShipGameUITests" */ = {
			isa = XCConfigurationList;
			buildConfigurations = (
				4D27E2872C8A2EBE00F5E543 /* Debug */,
				4D27E2882C8A2EBE00F5E543 /* Release */,
			);
			defaultConfigurationIsVisible = 0;
			defaultConfigurationName = Release;
		};
/* End XCConfigurationList section */
	};
	rootObject = 4D27E2542C8A2EBD00F5E543 /* Project object */;
}
